{"version":4,"terraform_version":"1.10.7","serial":9,"lineage":"e1b4ac8c-f0b0-b538-1872-c866e96569a6","outputs":{},"resources":[{"mode":"managed","type":"google_compute_disk","name":"build_disk","provider":"provider[\"registry.opentofu.org/hashicorp/google\"]","instances":[{"schema_version":0,"attributes":{"access_mode":"","async_primary_disk":[],"creation_timestamp":"2025-11-23T11:09:57.444-08:00","description":"","disk_encryption_key":[],"disk_id":"4748205027343917804","effective_labels":{},"enable_confidential_compute":false,"guest_os_features":[],"id":"projects/xen-rpi-builder/zones/europe-west1-b/disks/xen-build-cache","image":"","label_fingerprint":"42WmSpB8rSM=","labels":{},"last_attach_timestamp":"2025-11-23T22:57:57.137-08:00","last_detach_timestamp":"2025-11-23T22:57:48.137-08:00","licenses":[],"name":"xen-build-cache","physical_block_size_bytes":4096,"project":"xen-rpi-builder","provisioned_iops":0,"provisioned_throughput":0,"self_link":"https://www.googleapis.com/compute/v1/projects/xen-rpi-builder/zones/europe-west1-b/disks/xen-build-cache","size":140,"snapshot":"","source_disk":"","source_disk_id":"","source_image_encryption_key":[],"source_image_id":"","source_snapshot_encryption_key":[],"source_snapshot_id":"","storage_pool":"","terraform_labels":{},"timeouts":null,"type":"pd-ssd","users":["https://www.googleapis.com/compute/v1/projects/xen-rpi-builder/zones/europe-west1-b/instances/xen-yocto-builder"],"zone":"europe-west1-b"},"sensitive_attributes":[],"private":"eyJlMmJmYjczMC1lY2FhLTExZTYtOGY4OC0zNDM2M2JjN2M0YzAiOnsiY3JlYXRlIjoxMjAwMDAwMDAwMDAwLCJkZWxldGUiOjEyMDAwMDAwMDAwMDAsInVwZGF0ZSI6MTIwMDAwMDAwMDAwMH19"}]},{"mode":"managed","type":"google_compute_instance","name":"builder","provider":"provider[\"registry.opentofu.org/hashicorp/google\"]","instances":[{"schema_version":6,"attributes":{"advanced_machine_features":[],"allow_stopping_for_update":null,"attached_disk":[{"device_name":"xen-build-cache","disk_encryption_key_raw":"","disk_encryption_key_sha256":"","kms_key_self_link":"","mode":"READ_WRITE","source":"https://www.googleapis.com/compute/v1/projects/xen-rpi-builder/zones/europe-west1-b/disks/xen-build-cache"}],"boot_disk":[{"auto_delete":true,"device_name":"persistent-disk-0","disk_encryption_key_raw":"","disk_encryption_key_sha256":"","initialize_params":[{"enable_confidential_compute":false,"image":"https://www.googleapis.com/compute/v1/projects/ubuntu-os-cloud/global/images/ubuntu-2404-noble-amd64-v20251121","labels":{},"provisioned_iops":0,"provisioned_throughput":0,"resource_manager_tags":null,"size":20,"storage_pool":"","type":"pd-ssd"}],"kms_key_self_link":"","mode":"READ_WRITE","source":"https://www.googleapis.com/compute/v1/projects/xen-rpi-builder/zones/europe-west1-b/disks/xen-yocto-builder"}],"can_ip_forward":false,"confidential_instance_config":[],"cpu_platform":"Intel Cascade Lake","current_status":"RUNNING","deletion_protection":false,"description":"","desired_status":null,"effective_labels":{},"enable_display":false,"guest_accelerator":[],"hostname":"","id":"projects/xen-rpi-builder/zones/europe-west1-b/instances/xen-yocto-builder","instance_id":"4611028285919967451","label_fingerprint":"42WmSpB8rSM=","labels":null,"machine_type":"n2-standard-8","metadata":null,"metadata_fingerprint":"sW8jhIlD72E=","metadata_startup_script":"#!/usr/bin/env bash\nset -euxo pipefail\n\nDISK_ID=\"/dev/disk/by-id/google-xen-build-cache\"\nBUILD_MOUNT=\"/mnt/build\"\nDOCKER_ROOT=\"${BUILD_MOUNT}/docker\"\nDEV_SCRIPT_URL=\"https://gist.githubusercontent.com/codyzu/552372e4a9331c9109915ee53bafe908/raw/setup-dev-shell.sh\"\nGITHUB_RUNNER_DIR=\"${BUILD_MOUNT}/github-runner\"\n\nsetup_base_packages() {\n  apt-get update\n\n  # Core tools, Docker, BuildKit plugin, shell stuff, and GCP guest agents\n  apt-get install -y \\\n    docker.io \\\n    docker-buildx \\\n    wget \\\n    zsh \\\n    curl \\\n    jq \\\n    google-compute-engine \\\n    google-osconfig-agent \\\n    google-compute-engine-oslogin \\\n    google-guest-agent\n\n  # Install Ops Agent (modern replacement for google-fluentd)\n  curl -sSO https://dl.google.com/cloudagents/add-google-cloud-ops-agent-repo.sh\n  bash add-google-cloud-ops-agent-repo.sh --also-install || true\n}\n\nmount_build_disk() {\n  mkdir -p \"${BUILD_MOUNT}\"\n\n  if ! grep -q \"xen-build-cache\" /etc/fstab; then\n    echo \"${DISK_ID} ${BUILD_MOUNT} ext4 defaults 0 2\" \u003e\u003e /etc/fstab\n  fi\n\n  # Will succeed once the disk has been formatted manually the first time\n  mount -a || true\n}\n\nconfigure_docker() {\n  # Persistent Docker data on the build disk\n  mkdir -p \"${DOCKER_ROOT}\"\n  chown root:root \"${DOCKER_ROOT}\"\n  chmod 755 \"${DOCKER_ROOT}\"\n\n  mkdir -p /etc/docker\n  cat \u003e/etc/docker/daemon.json \u003c\u003cJSON\n{\n  \"data-root\": \"${DOCKER_ROOT}\",\n  \"features\": {\n    \"buildkit\": true\n  }\n}\nJSON\n\n  # Docker still expects this temp dir on the root disk in some code paths\n  mkdir -p /var/lib/docker/tmp\n\n  systemctl daemon-reload || true\n  systemctl enable docker || true\n  systemctl restart docker || true\n}\n\nsetup_users() {\n  # Ensure cody exists and uses zsh\n  if ! id \"cody\" \u003e/dev/null 2\u003e\u00261; then\n    useradd -m -s /usr/bin/zsh cody\n  else\n    chsh -s /usr/bin/zsh cody || true\n  fi\n\n  # Add cody to docker group\n  usermod -aG docker cody || true\n\n  # Also add ubuntu to docker group if it exists\n  if id \"ubuntu\" \u003e/dev/null 2\u003e\u00261; then\n    usermod -aG docker ubuntu || true\n  fi\n}\n\nrun_dev_setup() {\n  # Avoid zsh first run wizard\n  sudo -u cody touch /home/cody/.zshrc\n  chown cody:cody /home/cody/.zshrc\n\n  # Run your dev shell setup as cody (non interactive)\n  su - cody -c \"wget -qO- ${DEV_SCRIPT_URL} | bash\" || true\n}\n\nstart_github_runner() {\n  # Assumes you have already:\n  #   - downloaded the runner into ${GITHUB_RUNNER_DIR}\n  #   - run ./config.sh once manually (as cody) to register it\n  # This function just reinstalls and starts the service each boot.\n\n  if [ -d \"${GITHUB_RUNNER_DIR}\" ]; then\n    cd \"${GITHUB_RUNNER_DIR}\"\n\n    # Make sure files belong to cody\n    chown -R cody:cody \"${GITHUB_RUNNER_DIR}\"\n\n    # Install and start the runner service\n    ./svc.sh install cody || true\n    ./svc.sh start || true\n  fi\n}\n\nmain() {\n  setup_base_packages\n  mount_build_disk\n  configure_docker\n  setup_users\n  run_dev_setup\n  start_github_runner\n}\n\nmain \"$@\"","min_cpu_platform":"","name":"xen-yocto-builder","network_interface":[{"access_config":[{"nat_ip":"34.38.120.22","network_tier":"PREMIUM","public_ptr_domain_name":""}],"alias_ip_range":[],"internal_ipv6_prefix_length":0,"ipv6_access_config":[],"ipv6_access_type":"","ipv6_address":"","name":"nic0","network":"https://www.googleapis.com/compute/v1/projects/xen-rpi-builder/global/networks/default","network_ip":"10.132.0.7","nic_type":"","queue_count":0,"stack_type":"IPV4_ONLY","subnetwork":"https://www.googleapis.com/compute/v1/projects/xen-rpi-builder/regions/europe-west1/subnetworks/default","subnetwork_project":"xen-rpi-builder"}],"network_performance_config":[],"params":[],"project":"xen-rpi-builder","reservation_affinity":[],"resource_policies":null,"scheduling":[{"automatic_restart":false,"instance_termination_action":"STOP","local_ssd_recovery_timeout":[],"max_run_duration":[],"min_node_cpus":0,"node_affinities":[],"on_host_maintenance":"TERMINATE","on_instance_stop_action":[],"preemptible":true,"provisioning_model":"SPOT"}],"scratch_disk":[],"self_link":"https://www.googleapis.com/compute/v1/projects/xen-rpi-builder/zones/europe-west1-b/instances/xen-yocto-builder","service_account":[{"email":"xen-builder-sa@xen-rpi-builder.iam.gserviceaccount.com","scopes":["https://www.googleapis.com/auth/cloud-platform"]}],"shielded_instance_config":[{"enable_integrity_monitoring":true,"enable_secure_boot":false,"enable_vtpm":true}],"tags":["xen-yocto-builder"],"tags_fingerprint":"TRDg9p9iMNo=","terraform_labels":{},"timeouts":null,"zone":"europe-west1-b"},"sensitive_attributes":[[{"type":"get_attr","value":"boot_disk"},{"type":"index","value":{"value":0,"type":"number"}},{"type":"get_attr","value":"disk_encryption_key_raw"}],[{"type":"get_attr","value":"attached_disk"},{"type":"index","value":{"value":0,"type":"number"}},{"type":"get_attr","value":"disk_encryption_key_raw"}]],"private":"eyJlMmJmYjczMC1lY2FhLTExZTYtOGY4OC0zNDM2M2JjN2M0YzAiOnsiY3JlYXRlIjoxMjAwMDAwMDAwMDAwLCJkZWxldGUiOjEyMDAwMDAwMDAwMDAsInVwZGF0ZSI6MTIwMDAwMDAwMDAwMH0sInNjaGVtYV92ZXJzaW9uIjoiNiJ9","dependencies":["google_compute_disk.build_disk"]}]}],"check_results":null}
